
Microsoft Visual Studio Solution File, Format Version 12.00
# Visual Studio Version 17
VisualStudioVersion = 17.5.002.0
MinimumVisualStudioVersion = 10.0.40219.1
Project("{2150E333-8FDC-42A3-9474-1A3956D46DE8}") = "csharp-prep", "csharp-prep", "{6A969672-1602-4BFD-B4BB-D98DE035C076}"
EndProject
Project("{9A19103F-16F7-4668-BE54-9A1E7A4F7556}") = "Prep1", "csharp-prep\Prep1\Prep1.csproj", "{78DB7993-D2D9-4DC2-BBFD-315784E2814F}"
EndProject
Project("{9A19103F-16F7-4668-BE54-9A1E7A4F7556}") = "Prep2", "csharp-prep\Prep2\Prep2.csproj", "{C7C3C39F-8C8B-452D-A788-929EB66836A2}"
EndProject
Project("{9A19103F-16F7-4668-BE54-9A1E7A4F7556}") = "Prep3", "csharp-prep\Prep3\Prep3.csproj", "{67B4F4F2-C694-4FB7-9401-777F75C2C29D}"
EndProject
Project("{9A19103F-16F7-4668-BE54-9A1E7A4F7556}") = "Prep4", "csharp-prep\Prep4\Prep4.csproj", "{517CAD5D-8CBF-4FF7-8865-5783CD1A21A8}"
EndProject
Project("{9A19103F-16F7-4668-BE54-9A1E7A4F7556}") = "Prep5", "csharp-prep\Prep5\Prep5.csproj", "{E32892E9-B463-43E3-931B-C2830E7B89DC}"
EndProject
Project("{2150E333-8FDC-42A3-9474-1A3956D46DE8}") = "final", "final", "{871AF7EB-B905-4DE9-B13D-F681E1D922F7}"
EndProject
Project("{9A19103F-16F7-4668-BE54-9A1E7A4F7556}") = "FinalProject", "final\FinalProject\FinalProject.csproj", "{51E9D993-85C0-48A3-A7B0-D1D168D15743}"
EndProject
Project("{9A19103F-16F7-4668-BE54-9A1E7A4F7556}") = "Foundation1", "final\Foundation1\Foundation1.csproj", "{2A730EAE-364A-4A1A-9CD1-E18C27EC080B}"
EndProject
Project("{9A19103F-16F7-4668-BE54-9A1E7A4F7556}") = "Foundation2", "final\Foundation2\Foundation2.csproj", "{BAACE995-9CCA-49E1-AA7F-41E480F3162E}"
EndProject
Project("{9A19103F-16F7-4668-BE54-9A1E7A4F7556}") = "Foundation3", "final\Foundation3\Foundation3.csproj", "{8A2B6E2A-FEC5-4C1A-88C7-4ACF0810C286}"
EndProject
Project("{9A19103F-16F7-4668-BE54-9A1E7A4F7556}") = "Foundation4", "final\Foundation4\Foundation4.csproj", "{8AA69A88-1819-4379-8E40-7ED3F85E63AE}"
EndProject
Project("{2150E333-8FDC-42A3-9474-1A3956D46DE8}") = "prepare", "prepare", "{7BB1735B-5078-4C80-AC6A-831D081502D6}"
EndProject
Project("{9A19103F-16F7-4668-BE54-9A1E7A4F7556}") = "Learning02", "prepare\Learning02\Learning02.csproj", "{4450D2FE-B5BA-4DE2-BC2B-DAA4714EF448}"
EndProject
Project("{9A19103F-16F7-4668-BE54-9A1E7A4F7556}") = "Learning03", "prepare\Learning03\Learning03.csproj", "{4E136909-0611-4C00-93C1-096372092924}"
EndProject
Project("{9A19103F-16F7-4668-BE54-9A1E7A4F7556}") = "Learning04", "prepare\Learning04\Learning04.csproj", "{8D5A79F4-45A7-45B3-8CCE-D3E05A30E5D4}"
EndProject
Project("{9A19103F-16F7-4668-BE54-9A1E7A4F7556}") = "Learning05", "prepare\Learning05\Learning05.csproj", "{43589801-1C2E-418B-81D3-AF774FA35ED5}"
EndProject
Project("{2150E333-8FDC-42A3-9474-1A3956D46DE8}") = "prove", "prove", "{7F463A02-E3EA-4261-BDE0-DCF2A394EA85}"
EndProject
Project("{9A19103F-16F7-4668-BE54-9A1E7A4F7556}") = "Develop02", "prove\Develop02\Develop02.csproj", "{8E26D6D8-F9C9-415D-AA8B-0C5958E34901}"
EndProject
Project("{9A19103F-16F7-4668-BE54-9A1E7A4F7556}") = "Develop03", "prove\Develop03\Develop03.csproj", "{9E0704FA-B324-49C8-A74B-5E791BCB1B12}"
EndProject
Project("{9A19103F-16F7-4668-BE54-9A1E7A4F7556}") = "Develop04", "prove\Develop04\Develop04.csproj", "{D5533DE7-CDD5-4674-A564-41AF247EB16E}"
EndProject
Project("{9A19103F-16F7-4668-BE54-9A1E7A4F7556}") = "Develop05", "prove\Develop05\Develop05.csproj", "{C2CB778C-832A-4B1A-AE4D-881A31303C45}"
EndProject
Project("{2150E333-8FDC-42A3-9474-1A3956D46DE8}") = "sandbox", "sandbox", "{95271E13-DF35-4B4E-B44C-1757B42A6575}"
EndProject
Project("{9A19103F-16F7-4668-BE54-9A1E7A4F7556}") = "Sandbox", "sandbox\Sandbox\Sandbox.csproj", "{4A578751-CF4B-4BDB-BAFD-21A311210667}"
EndProject
Global
	GlobalSection(SolutionConfigurationPlatforms) = preSolution
		Debug|Any CPU = Debug|Any CPU
		Release|Any CPU = Release|Any CPU
	EndGlobalSection
	GlobalSection(ProjectConfigurationPlatforms) = postSolution
		{78DB7993-D2D9-4DC2-BBFD-315784E2814F}.Debug|Any CPU.ActiveCfg = Debug|Any CPU
		{78DB7993-D2D9-4DC2-BBFD-315784E2814F}.Debug|Any CPU.Build.0 = Debug|Any CPU
		{78DB7993-D2D9-4DC2-BBFD-315784E2814F}.Release|Any CPU.ActiveCfg = Release|Any CPU
		{78DB7993-D2D9-4DC2-BBFD-315784E2814F}.Release|Any CPU.Build.0 = Release|Any CPU
		{C7C3C39F-8C8B-452D-A788-929EB66836A2}.Debug|Any CPU.ActiveCfg = Debug|Any CPU
		{C7C3C39F-8C8B-452D-A788-929EB66836A2}.Debug|Any CPU.Build.0 = Debug|Any CPU
		{C7C3C39F-8C8B-452D-A788-929EB66836A2}.Release|Any CPU.ActiveCfg = Release|Any CPU
		{C7C3C39F-8C8B-452D-A788-929EB66836A2}.Release|Any CPU.Build.0 = Release|Any CPU
		{67B4F4F2-C694-4FB7-9401-777F75C2C29D}.Debug|Any CPU.ActiveCfg = Debug|Any CPU
		{67B4F4F2-C694-4FB7-9401-777F75C2C29D}.Debug|Any CPU.Build.0 = Debug|Any CPU
		{67B4F4F2-C694-4FB7-9401-777F75C2C29D}.Release|Any CPU.ActiveCfg = Release|Any CPU
		{67B4F4F2-C694-4FB7-9401-777F75C2C29D}.Release|Any CPU.Build.0 = Release|Any CPU
		{517CAD5D-8CBF-4FF7-8865-5783CD1A21A8}.Debug|Any CPU.ActiveCfg = Debug|Any CPU
		{517CAD5D-8CBF-4FF7-8865-5783CD1A21A8}.Debug|Any CPU.Build.0 = Debug|Any CPU
		{517CAD5D-8CBF-4FF7-8865-5783CD1A21A8}.Release|Any CPU.ActiveCfg = Release|Any CPU
		{517CAD5D-8CBF-4FF7-8865-5783CD1A21A8}.Release|Any CPU.Build.0 = Release|Any CPU
		{E32892E9-B463-43E3-931B-C2830E7B89DC}.Debug|Any CPU.ActiveCfg = Debug|Any CPU
		{E32892E9-B463-43E3-931B-C2830E7B89DC}.Debug|Any CPU.Build.0 = Debug|Any CPU
		{E32892E9-B463-43E3-931B-C2830E7B89DC}.Release|Any CPU.ActiveCfg = Release|Any CPU
		{E32892E9-B463-43E3-931B-C2830E7B89DC}.Release|Any CPU.Build.0 = Release|Any CPU
		{51E9D993-85C0-48A3-A7B0-D1D168D15743}.Debug|Any CPU.ActiveCfg = Debug|Any CPU
		{51E9D993-85C0-48A3-A7B0-D1D168D15743}.Debug|Any CPU.Build.0 = Debug|Any CPU
		{51E9D993-85C0-48A3-A7B0-D1D168D15743}.Release|Any CPU.ActiveCfg = Release|Any CPU
		{51E9D993-85C0-48A3-A7B0-D1D168D15743}.Release|Any CPU.Build.0 = Release|Any CPU
		{2A730EAE-364A-4A1A-9CD1-E18C27EC080B}.Debug|Any CPU.ActiveCfg = Debug|Any CPU
		{2A730EAE-364A-4A1A-9CD1-E18C27EC080B}.Debug|Any CPU.Build.0 = Debug|Any CPU
		{2A730EAE-364A-4A1A-9CD1-E18C27EC080B}.Release|Any CPU.ActiveCfg = Release|Any CPU
		{2A730EAE-364A-4A1A-9CD1-E18C27EC080B}.Release|Any CPU.Build.0 = Release|Any CPU
		{BAACE995-9CCA-49E1-AA7F-41E480F3162E}.Debug|Any CPU.ActiveCfg = Debug|Any CPU
		{BAACE995-9CCA-49E1-AA7F-41E480F3162E}.Debug|Any CPU.Build.0 = Debug|Any CPU
		{BAACE995-9CCA-49E1-AA7F-41E480F3162E}.Release|Any CPU.ActiveCfg = Release|Any CPU
		{BAACE995-9CCA-49E1-AA7F-41E480F3162E}.Release|Any CPU.Build.0 = Release|Any CPU
		{8A2B6E2A-FEC5-4C1A-88C7-4ACF0810C286}.Debug|Any CPU.ActiveCfg = Debug|Any CPU
		{8A2B6E2A-FEC5-4C1A-88C7-4ACF0810C286}.Debug|Any CPU.Build.0 = Debug|Any CPU
		{8A2B6E2A-FEC5-4C1A-88C7-4ACF0810C286}.Release|Any CPU.ActiveCfg = Release|Any CPU
		{8A2B6E2A-FEC5-4C1A-88C7-4ACF0810C286}.Release|Any CPU.Build.0 = Release|Any CPU
		{8AA69A88-1819-4379-8E40-7ED3F85E63AE}.Debug|Any CPU.ActiveCfg = Debug|Any CPU
		{8AA69A88-1819-4379-8E40-7ED3F85E63AE}.Debug|Any CPU.Build.0 = Debug|Any CPU
		{8AA69A88-1819-4379-8E40-7ED3F85E63AE}.Release|Any CPU.ActiveCfg = Release|Any CPU
		{8AA69A88-1819-4379-8E40-7ED3F85E63AE}.Release|Any CPU.Build.0 = Release|Any CPU
		{4450D2FE-B5BA-4DE2-BC2B-DAA4714EF448}.Debug|Any CPU.ActiveCfg = Debug|Any CPU
		{4450D2FE-B5BA-4DE2-BC2B-DAA4714EF448}.Debug|Any CPU.Build.0 = Debug|Any CPU
		{4450D2FE-B5BA-4DE2-BC2B-DAA4714EF448}.Release|Any CPU.ActiveCfg = Release|Any CPU
		{4450D2FE-B5BA-4DE2-BC2B-DAA4714EF448}.Release|Any CPU.Build.0 = Release|Any CPU
		{4E136909-0611-4C00-93C1-096372092924}.Debug|Any CPU.ActiveCfg = Debug|Any CPU
		{4E136909-0611-4C00-93C1-096372092924}.Debug|Any CPU.Build.0 = Debug|Any CPU
		{4E136909-0611-4C00-93C1-096372092924}.Release|Any CPU.ActiveCfg = Release|Any CPU
		{4E136909-0611-4C00-93C1-096372092924}.Release|Any CPU.Build.0 = Release|Any CPU
		{8D5A79F4-45A7-45B3-8CCE-D3E05A30E5D4}.Debug|Any CPU.ActiveCfg = Debug|Any CPU
		{8D5A79F4-45A7-45B3-8CCE-D3E05A30E5D4}.Debug|Any CPU.Build.0 = Debug|Any CPU
		{8D5A79F4-45A7-45B3-8CCE-D3E05A30E5D4}.Release|Any CPU.ActiveCfg = Release|Any CPU
		{8D5A79F4-45A7-45B3-8CCE-D3E05A30E5D4}.Release|Any CPU.Build.0 = Release|Any CPU
		{43589801-1C2E-418B-81D3-AF774FA35ED5}.Debug|Any CPU.ActiveCfg = Debug|Any CPU
		{43589801-1C2E-418B-81D3-AF774FA35ED5}.Debug|Any CPU.Build.0 = Debug|Any CPU
		{43589801-1C2E-418B-81D3-AF774FA35ED5}.Release|Any CPU.ActiveCfg = Release|Any CPU
		{43589801-1C2E-418B-81D3-AF774FA35ED5}.Release|Any CPU.Build.0 = Release|Any CPU
		{8E26D6D8-F9C9-415D-AA8B-0C5958E34901}.Debug|Any CPU.ActiveCfg = Debug|Any CPU
		{8E26D6D8-F9C9-415D-AA8B-0C5958E34901}.Debug|Any CPU.Build.0 = Debug|Any CPU
		{8E26D6D8-F9C9-415D-AA8B-0C5958E34901}.Release|Any CPU.ActiveCfg = Release|Any CPU
		{8E26D6D8-F9C9-415D-AA8B-0C5958E34901}.Release|Any CPU.Build.0 = Release|Any CPU
		{9E0704FA-B324-49C8-A74B-5E791BCB1B12}.Debug|Any CPU.ActiveCfg = Debug|Any CPU
		{9E0704FA-B324-49C8-A74B-5E791BCB1B12}.Debug|Any CPU.Build.0 = Debug|Any CPU
		{9E0704FA-B324-49C8-A74B-5E791BCB1B12}.Release|Any CPU.ActiveCfg = Release|Any CPU
		{9E0704FA-B324-49C8-A74B-5E791BCB1B12}.Release|Any CPU.Build.0 = Release|Any CPU
		{D5533DE7-CDD5-4674-A564-41AF247EB16E}.Debug|Any CPU.ActiveCfg = Debug|Any CPU
		{D5533DE7-CDD5-4674-A564-41AF247EB16E}.Debug|Any CPU.Build.0 = Debug|Any CPU
		{D5533DE7-CDD5-4674-A564-41AF247EB16E}.Release|Any CPU.ActiveCfg = Release|Any CPU
		{D5533DE7-CDD5-4674-A564-41AF247EB16E}.Release|Any CPU.Build.0 = Release|Any CPU
		{C2CB778C-832A-4B1A-AE4D-881A31303C45}.Debug|Any CPU.ActiveCfg = Debug|Any CPU
		{C2CB778C-832A-4B1A-AE4D-881A31303C45}.Debug|Any CPU.Build.0 = Debug|Any CPU
		{C2CB778C-832A-4B1A-AE4D-881A31303C45}.Release|Any CPU.ActiveCfg = Release|Any CPU
		{C2CB778C-832A-4B1A-AE4D-881A31303C45}.Release|Any CPU.Build.0 = Release|Any CPU
		{4A578751-CF4B-4BDB-BAFD-21A311210667}.Debug|Any CPU.ActiveCfg = Debug|Any CPU
		{4A578751-CF4B-4BDB-BAFD-21A311210667}.Debug|Any CPU.Build.0 = Debug|Any CPU
		{4A578751-CF4B-4BDB-BAFD-21A311210667}.Release|Any CPU.ActiveCfg = Release|Any CPU
		{4A578751-CF4B-4BDB-BAFD-21A311210667}.Release|Any CPU.Build.0 = Release|Any CPU
	EndGlobalSection
	GlobalSection(SolutionProperties) = preSolution
		HideSolutionNode = FALSE
	EndGlobalSection
	GlobalSection(NestedProjects) = preSolution
		{78DB7993-D2D9-4DC2-BBFD-315784E2814F} = {6A969672-1602-4BFD-B4BB-D98DE035C076}
		{C7C3C39F-8C8B-452D-A788-929EB66836A2} = {6A969672-1602-4BFD-B4BB-D98DE035C076}
		{67B4F4F2-C694-4FB7-9401-777F75C2C29D} = {6A969672-1602-4BFD-B4BB-D98DE035C076}
		{517CAD5D-8CBF-4FF7-8865-5783CD1A21A8} = {6A969672-1602-4BFD-B4BB-D98DE035C076}
		{E32892E9-B463-43E3-931B-C2830E7B89DC} = {6A969672-1602-4BFD-B4BB-D98DE035C076}
		{51E9D993-85C0-48A3-A7B0-D1D168D15743} = {871AF7EB-B905-4DE9-B13D-F681E1D922F7}
		{2A730EAE-364A-4A1A-9CD1-E18C27EC080B} = {871AF7EB-B905-4DE9-B13D-F681E1D922F7}
		{BAACE995-9CCA-49E1-AA7F-41E480F3162E} = {871AF7EB-B905-4DE9-B13D-F681E1D922F7}
		{8A2B6E2A-FEC5-4C1A-88C7-4ACF0810C286} = {871AF7EB-B905-4DE9-B13D-F681E1D922F7}
		{8AA69A88-1819-4379-8E40-7ED3F85E63AE} = {871AF7EB-B905-4DE9-B13D-F681E1D922F7}
		{4450D2FE-B5BA-4DE2-BC2B-DAA4714EF448} = {7BB1735B-5078-4C80-AC6A-831D081502D6}
		{4E136909-0611-4C00-93C1-096372092924} = {7BB1735B-5078-4C80-AC6A-831D081502D6}
		{8D5A79F4-45A7-45B3-8CCE-D3E05A30E5D4} = {7BB1735B-5078-4C80-AC6A-831D081502D6}
		{43589801-1C2E-418B-81D3-AF774FA35ED5} = {7BB1735B-5078-4C80-AC6A-831D081502D6}
		{8E26D6D8-F9C9-415D-AA8B-0C5958E34901} = {7F463A02-E3EA-4261-BDE0-DCF2A394EA85}
		{9E0704FA-B324-49C8-A74B-5E791BCB1B12} = {7F463A02-E3EA-4261-BDE0-DCF2A394EA85}
		{D5533DE7-CDD5-4674-A564-41AF247EB16E} = {7F463A02-E3EA-4261-BDE0-DCF2A394EA85}
		{C2CB778C-832A-4B1A-AE4D-881A31303C45} = {7F463A02-E3EA-4261-BDE0-DCF2A394EA85}
		{4A578751-CF4B-4BDB-BAFD-21A311210667} = {95271E13-DF35-4B4E-B44C-1757B42A6575}
	EndGlobalSection
	GlobalSection(ExtensibilityGlobals) = postSolution
		SolutionGuid = {4C23D329-7E76-4340-9CFD-271225C756DF}
	EndGlobalSection
EndGlobal
